
Microsoft Visual Studio Solution File, Format Version 12.00
# Visual Studio 14
VisualStudioVersion = 14.0.23107.0
MinimumVisualStudioVersion = 10.0.40219.1
Project("{FAE04EC0-301F-11D3-BF4B-00C04F79EFBC}") = "NeuralNetwork", "NeuralNetwork\NeuralNetwork.csproj", "{3BDB9F87-D9B5-44F9-BC3E-63C236E61CDE}"
EndProject
Project("{2150E333-8FDC-42A3-9474-1A3956D46DE8}") = "TestApps", "TestApps", "{5766ED56-DC7C-46F8-A207-A5FE800E52A0}"
EndProject
Project("{2150E333-8FDC-42A3-9474-1A3956D46DE8}") = "Testing", "Testing", "{C0143DB8-E6C6-4418-9026-42D2952B49EB}"
EndProject
Project("{FAE04EC0-301F-11D3-BF4B-00C04F79EFBC}") = "FFNNTestApp", "FFNNTestApp\FFNNTestApp.csproj", "{BBFB3BE7-EB12-446A-9F03-45D34E391601}"
EndProject
Project("{F2A71F9B-5D33-465A-A702-920D77279786}") = "Algorithms", "Algoritms\Algorithms.fsproj", "{C5417F1A-ADD4-4EED-91B0-AEF9E2D26DA5}"
EndProject
Project("{FAE04EC0-301F-11D3-BF4B-00C04F79EFBC}") = "AlgorithmTests", "AlgorithmTests\AlgorithmTests.csproj", "{99680375-6C8A-4B0E-87DD-9F7286C739AF}"
EndProject
Project("{FAE04EC0-301F-11D3-BF4B-00C04F79EFBC}") = "GeneticAlgorithm", "GeneticAlgorithm\GeneticAlgorithm.csproj", "{700B7996-5AE9-4752-B668-132643F9B705}"
EndProject
Project("{FAE04EC0-301F-11D3-BF4B-00C04F79EFBC}") = "GATestApp", "GATestApp\GATestApp.csproj", "{35BBE2F8-3192-44C5-9156-489C5CF52C90}"
EndProject
Project("{FAE04EC0-301F-11D3-BF4B-00C04F79EFBC}") = "CatBits.Common", "Common\CatBits.Common.csproj", "{33AC7D0C-7D44-4621-8DB7-56BBB1E2FB95}"
EndProject
Global
	GlobalSection(SolutionConfigurationPlatforms) = preSolution
		Debug|Any CPU = Debug|Any CPU
		Release|Any CPU = Release|Any CPU
	EndGlobalSection
	GlobalSection(ProjectConfigurationPlatforms) = postSolution
		{3BDB9F87-D9B5-44F9-BC3E-63C236E61CDE}.Debug|Any CPU.ActiveCfg = Debug|Any CPU
		{3BDB9F87-D9B5-44F9-BC3E-63C236E61CDE}.Debug|Any CPU.Build.0 = Debug|Any CPU
		{3BDB9F87-D9B5-44F9-BC3E-63C236E61CDE}.Release|Any CPU.ActiveCfg = Release|Any CPU
		{3BDB9F87-D9B5-44F9-BC3E-63C236E61CDE}.Release|Any CPU.Build.0 = Release|Any CPU
		{BBFB3BE7-EB12-446A-9F03-45D34E391601}.Debug|Any CPU.ActiveCfg = Debug|Any CPU
		{BBFB3BE7-EB12-446A-9F03-45D34E391601}.Debug|Any CPU.Build.0 = Debug|Any CPU
		{BBFB3BE7-EB12-446A-9F03-45D34E391601}.Release|Any CPU.ActiveCfg = Release|Any CPU
		{BBFB3BE7-EB12-446A-9F03-45D34E391601}.Release|Any CPU.Build.0 = Release|Any CPU
		{C5417F1A-ADD4-4EED-91B0-AEF9E2D26DA5}.Debug|Any CPU.ActiveCfg = Debug|Any CPU
		{C5417F1A-ADD4-4EED-91B0-AEF9E2D26DA5}.Debug|Any CPU.Build.0 = Debug|Any CPU
		{C5417F1A-ADD4-4EED-91B0-AEF9E2D26DA5}.Release|Any CPU.ActiveCfg = Release|Any CPU
		{C5417F1A-ADD4-4EED-91B0-AEF9E2D26DA5}.Release|Any CPU.Build.0 = Release|Any CPU
		{99680375-6C8A-4B0E-87DD-9F7286C739AF}.Debug|Any CPU.ActiveCfg = Debug|Any CPU
		{99680375-6C8A-4B0E-87DD-9F7286C739AF}.Debug|Any CPU.Build.0 = Debug|Any CPU
		{99680375-6C8A-4B0E-87DD-9F7286C739AF}.Release|Any CPU.ActiveCfg = Release|Any CPU
		{99680375-6C8A-4B0E-87DD-9F7286C739AF}.Release|Any CPU.Build.0 = Release|Any CPU
		{700B7996-5AE9-4752-B668-132643F9B705}.Debug|Any CPU.ActiveCfg = Debug|Any CPU
		{700B7996-5AE9-4752-B668-132643F9B705}.Debug|Any CPU.Build.0 = Debug|Any CPU
		{700B7996-5AE9-4752-B668-132643F9B705}.Release|Any CPU.ActiveCfg = Release|Any CPU
		{700B7996-5AE9-4752-B668-132643F9B705}.Release|Any CPU.Build.0 = Release|Any CPU
		{35BBE2F8-3192-44C5-9156-489C5CF52C90}.Debug|Any CPU.ActiveCfg = Debug|Any CPU
		{35BBE2F8-3192-44C5-9156-489C5CF52C90}.Debug|Any CPU.Build.0 = Debug|Any CPU
		{35BBE2F8-3192-44C5-9156-489C5CF52C90}.Release|Any CPU.ActiveCfg = Release|Any CPU
		{35BBE2F8-3192-44C5-9156-489C5CF52C90}.Release|Any CPU.Build.0 = Release|Any CPU
		{33AC7D0C-7D44-4621-8DB7-56BBB1E2FB95}.Debug|Any CPU.ActiveCfg = Debug|Any CPU
		{33AC7D0C-7D44-4621-8DB7-56BBB1E2FB95}.Debug|Any CPU.Build.0 = Debug|Any CPU
		{33AC7D0C-7D44-4621-8DB7-56BBB1E2FB95}.Release|Any CPU.ActiveCfg = Release|Any CPU
		{33AC7D0C-7D44-4621-8DB7-56BBB1E2FB95}.Release|Any CPU.Build.0 = Release|Any CPU
	EndGlobalSection
	GlobalSection(SolutionProperties) = preSolution
		HideSolutionNode = FALSE
	EndGlobalSection
	GlobalSection(NestedProjects) = preSolution
		{BBFB3BE7-EB12-446A-9F03-45D34E391601} = {5766ED56-DC7C-46F8-A207-A5FE800E52A0}
		{35BBE2F8-3192-44C5-9156-489C5CF52C90} = {5766ED56-DC7C-46F8-A207-A5FE800E52A0}
	EndGlobalSection
EndGlobal
